// !$*UTF8*$!
{
	archiveVersion = 1;
	classes = {
	};
	objectVersion = 77;
	objects = {

/* Begin PBXContainerItemProxy section */
		19CCAEB62E37684E009AD429 /* PBXContainerItemProxy */ = {
			isa = PBXContainerItemProxy;
			containerPortal = 19CCAE972E37684E009AD429 /* Project object */;
			proxyType = 1;
			remoteGlobalIDString = 19CCAE9E2E37684E009AD429;
			remoteInfo = ageCalculator;
		};
		19CCAEC02E37684E009AD429 /* PBXContainerItemProxy */ = {
			isa = PBXContainerItemProxy;
			containerPortal = 19CCAE972E37684E009AD429 /* Project object */;
			proxyType = 1;
			remoteGlobalIDString = 19CCAE9E2E37684E009AD429;
			remoteInfo = ageCalculator;
		};
/* End PBXContainerItemProxy section */

/* Begin PBXFileReference section */
		19CCAE9F2E37684E009AD429 /* ageCalculator.app */ = {isa = PBXFileReference; explicitFileType = wrapper.application; includeInIndex = 0; path = ageCalculator.app; sourceTree = BUILT_PRODUCTS_DIR; };
		19CCAEB52E37684E009AD429 /* ageCalculatorTests.xctest */ = {isa = PBXFileReference; explicitFileType = wrapper.cfbundle; includeInIndex = 0; path = ageCalculatorTests.xctest; sourceTree = BUILT_PRODUCTS_DIR; };
		19CCAEBF2E37684E009AD429 /* ageCalculatorUITests.xctest */ = {isa = PBXFileReference; explicitFileType = wrapper.cfbundle; includeInIndex = 0; path = ageCalculatorUITests.xctest; sourceTree = BUILT_PRODUCTS_DIR; };
/* End PBXFileReference section */

/* Begin PBXFileSystemSynchronizedBuildFileExceptionSet section */
		19CCAEC72E37684E009AD429 /* Exceptions for "ageCalculator" folder in "ageCalculator" target */ = {
			isa = PBXFileSystemSynchronizedBuildFileExceptionSet;
			membershipExceptions = (
				Info.plist,
			);
			target = 19CCAE9E2E37684E009AD429 /* ageCalculator */;
		};
/* End PBXFileSystemSynchronizedBuildFileExceptionSet section */

/* Begin PBXFileSystemSynchronizedRootGroup section */
		19CCAEA12E37684E009AD429 /* ageCalculator */ = {
			isa = PBXFileSystemSynchronizedRootGroup;
			exceptions = (
				19CCAEC72E37684E009AD429 /* Exceptions for "ageCalculator" folder in "ageCalculator" target */,
			);
			path = ageCalculator;
			sourceTree = "<group>";
		};
		19CCAEB82E37684E009AD429 /* ageCalculatorTests */ = {
			isa = PBXFileSystemSynchronizedRootGroup;
			path = ageCalculatorTests;
			sourceTree = "<group>";
		};
		19CCAEC22E37684E009AD429 /* ageCalculatorUITests */ = {
			isa = PBXFileSystemSynchronizedRootGroup;
			path = ageCalculatorUITests;
			sourceTree = "<group>";
		};
/* End PBXFileSystemSynchronizedRootGroup section */

/* Begin PBXFrameworksBuildPhase section */
		19CCAE9C2E37684E009AD429 /* Frameworks */ = {
			isa = PBXFrameworksBuildPhase;
			buildActionMask = 2147483647;
			files = (
			);
			runOnlyForDeploymentPostprocessing = 0;
		};
		19CCAEB22E37684E009AD429 /* Frameworks */ = {
			isa = PBXFrameworksBuildPhase;
			buildActionMask = 2147483647;
			files = (
			);
			runOnlyForDeploymentPostprocessing = 0;
		};
		19CCAEBC2E37684E009AD429 /* Frameworks */ = {
			isa = PBXFrameworksBuildPhase;
			buildActionMask = 2147483647;
			files = (
			);
			runOnlyForDeploymentPostprocessing = 0;
		};
/* End PBXFrameworksBuildPhase section */

/* Begin PBXGroup section */
		19CCAE962E37684E009AD429 = {
			isa = PBXGroup;
			children = (
				19CCAEA12E37684E009AD429 /* ageCalculator */,
				19CCAEB82E37684E009AD429 /* ageCalculatorTests */,
				19CCAEC22E37684E009AD429 /* ageCalculatorUITests */,
				19CCAEA02E37684E009AD429 /* Products */,
			);
			sourceTree = "<group>";
		};
		19CCAEA02E37684E009AD429 /* Products */ = {
			isa = PBXGroup;
			children = (
				19CCAE9F2E37684E009AD429 /* ageCalculator.app */,
				19CCAEB52E37684E009AD429 /* ageCalculatorTests.xctest */,
				19CCAEBF2E37684E009AD429 /* ageCalculatorUITests.xctest */,
			);
			name = Products;
			sourceTree = "<group>";
		};
/* End PBXGroup section */

/* Begin PBXNativeTarget section */
		19CCAE9E2E37684E009AD429 /* ageCalculator */ = {
			isa = PBXNativeTarget;
			buildConfigurationList = 19CCAEC82E37684E009AD429 /* Build configuration list for PBXNativeTarget "ageCalculator" */;
			buildPhases = (
				19CCAE9B2E37684E009AD429 /* Sources */,
				19CCAE9C2E37684E009AD429 /* Frameworks */,
				19CCAE9D2E37684E009AD429 /* Resources */,
			);
			buildRules = (
			);
			dependencies = (
			);
			fileSystemSynchronizedGroups = (
				19CCAEA12E37684E009AD429 /* ageCalculator */,
			);
			name = ageCalculator;
			packageProductDependencies = (
			);
			productName = ageCalculator;
			productReference = 19CCAE9F2E37684E009AD429 /* ageCalculator.app */;
			productType = "com.apple.product-type.application";
		};
		19CCAEB42E37684E009AD429 /* ageCalculatorTests */ = {
			isa = PBXNativeTarget;
			buildConfigurationList = 19CCAECD2E37684E009AD429 /* Build configuration list for PBXNativeTarget "ageCalculatorTests" */;
			buildPhases = (
				19CCAEB12E37684E009AD429 /* Sources */,
				19CCAEB22E37684E009AD429 /* Frameworks */,
				19CCAEB32E37684E009AD429 /* Resources */,
			);
			buildRules = (
			);
			dependencies = (
				19CCAEB72E37684E009AD429 /* PBXTargetDependency */,
			);
			fileSystemSynchronizedGroups = (
				19CCAEB82E37684E009AD429 /* ageCalculatorTests */,
			);
			name = ageCalculatorTests;
			packageProductDependencies = (
			);
			productName = ageCalculatorTests;
			productReference = 19CCAEB52E37684E009AD429 /* ageCalculatorTests.xctest */;
			productType = "com.apple.product-type.bundle.unit-test";
		};
		19CCAEBE2E37684E009AD429 /* ageCalculatorUITests */ = {
			isa = PBXNativeTarget;
			buildConfigurationList = 19CCAED02E37684E009AD429 /* Build configuration list for PBXNativeTarget "ageCalculatorUITests" */;
			buildPhases = (
				19CCAEBB2E37684E009AD429 /* Sources */,
				19CCAEBC2E37684E009AD429 /* Frameworks */,
				19CCAEBD2E37684E009AD429 /* Resources */,
			);
			buildRules = (
			);
			dependencies = (
				19CCAEC12E37684E009AD429 /* PBXTargetDependency */,
			);
			fileSystemSynchronizedGroups = (
				19CCAEC22E37684E009AD429 /* ageCalculatorUITests */,
			);
			name = ageCalculatorUITests;
			packageProductDependencies = (
			);
			productName = ageCalculatorUITests;
			productReference = 19CCAEBF2E37684E009AD429 /* ageCalculatorUITests.xctest */;
			productType = "com.apple.product-type.bundle.ui-testing";
		};
/* End PBXNativeTarget section */

/* Begin PBXProject section */
		19CCAE972E37684E009AD429 /* Project object */ = {
			isa = PBXProject;
			attributes = {
				BuildIndependentTargetsInParallel = 1;
				LastSwiftUpdateCheck = 1640;
				LastUpgradeCheck = 1640;
				TargetAttributes = {
					19CCAE9E2E37684E009AD429 = {
						CreatedOnToolsVersion = 16.4;
					};
					19CCAEB42E37684E009AD429 = {
						CreatedOnToolsVersion = 16.4;
						TestTargetID = 19CCAE9E2E37684E009AD429;
					};
					19CCAEBE2E37684E009AD429 = {
						CreatedOnToolsVersion = 16.4;
						TestTargetID = 19CCAE9E2E37684E009AD429;
					};
				};
			};
			buildConfigurationList = 19CCAE9A2E37684E009AD429 /* Build configuration list for PBXProject "ageCalculator" */;
			developmentRegion = en;
			hasScannedForEncodings = 0;
			knownRegions = (
				en,
				Base,
			);
			mainGroup = 19CCAE962E37684E009AD429;
			minimizedProjectReferenceProxies = 1;
			preferredProjectObjectVersion = 77;
			productRefGroup = 19CCAEA02E37684E009AD429 /* Products */;
			projectDirPath = "";
			projectRoot = "";
			targets = (
				19CCAE9E2E37684E009AD429 /* ageCalculator */,
				19CCAEB42E37684E009AD429 /* ageCalculatorTests */,
				19CCAEBE2E37684E009AD429 /* ageCalculatorUITests */,
			);
		};
/* End PBXProject section */

/* Begin PBXResourcesBuildPhase section */
		19CCAE9D2E37684E009AD429 /* Resources */ = {
			isa = PBXResourcesBuildPhase;
			buildActionMask = 2147483647;
			files = (
			);
			runOnlyForDeploymentPostprocessing = 0;
		};
		19CCAEB32E37684E009AD429 /* Resources */ = {
			isa = PBXResourcesBuildPhase;
			buildActionMask = 2147483647;
			files = (
			);
			runOnlyForDeploymentPostprocessing = 0;
		};
		19CCAEBD2E37684E009AD429 /* Resources */ = {
			isa = PBXResourcesBuildPhase;
			buildActionMask = 2147483647;
			files = (
			);
			runOnlyForDeploymentPostprocessing = 0;
		};
/* End PBXResourcesBuildPhase section */

/* Begin PBXSourcesBuildPhase section */
		19CCAE9B2E37684E009AD429 /* Sources */ = {
			isa = PBXSourcesBuildPhase;
			buildActionMask = 2147483647;
			files = (
			);
			runOnlyForDeploymentPostprocessing = 0;
		};
		19CCAEB12E37684E009AD429 /* Sources */ = {
			isa = PBXSourcesBuildPhase;
			buildActionMask = 2147483647;
			files = (
			);
			runOnlyForDeploymentPostprocessing = 0;
		};
		19CCAEBB2E37684E009AD429 /* Sources */ = {
			isa = PBXSourcesBuildPhase;
			buildActionMask = 2147483647;
			files = (
			);
			runOnlyForDeploymentPostprocessing = 0;
		};
/* End PBXSourcesBuildPhase section */

/* Begin PBXTargetDependency section */
		19CCAEB72E37684E009AD429 /* PBXTargetDependency */ = {
			isa = PBXTargetDependency;
			target = 19CCAE9E2E37684E009AD429 /* ageCalculator */;
			targetProxy = 19CCAEB62E37684E009AD429 /* PBXContainerItemProxy */;
		};
		19CCAEC12E37684E009AD429 /* PBXTargetDependency */ = {
			isa = PBXTargetDependency;
			target = 19CCAE9E2E37684E009AD429 /* ageCalculator */;
			targetProxy = 19CCAEC02E37684E009AD429 /* PBXContainerItemProxy */;
		};
/* End PBXTargetDependency section */

/* Begin XCBuildConfiguration section */
		19CCAEC92E37684E009AD429 /* Debug */ = {
			isa = XCBuildConfiguration;
			buildSettings = {
				ASSETCATALOG_COMPILER_APPICON_NAME = AppIcon;
				ASSETCATALOG_COMPILER_GLOBAL_ACCENT_COLOR_NAME = AccentColor;
				CODE_SIGN_STYLE = Automatic;
				CURRENT_PROJECT_VERSION = 1;
				GENERATE_INFOPLIST_FILE = YES;
				INFOPLIST_FILE = ageCalculator/Info.plist;
				INFOPLIST_KEY_UIApplicationSupportsIndirectInputEvents = YES;
				INFOPLIST_KEY_UILaunchStoryboardName = LaunchScreen;
				INFOPLIST_KEY_UIMainStoryboardFile = Main;
				INFOPLIST_KEY_UISupportedInterfaceOrientations_iPad = "UIInterfaceOrientationPortrait UIInterfaceOrientationPortraitUpsideDown UIInterfaceOrientationLandscapeLeft UIInterfaceOrientationLandscapeRight";
				INFOPLIST_KEY_UISupportedInterfaceOrientations_iPhone = "UIInterfaceOrientationPortrait UIInterfaceOrientationLandscapeLeft UIInterfaceOrientationLandscapeRight";
				LD_RUNPATH_SEARCH_PATHS = (
					"$(inherited)",
					"@executable_path/Frameworks",
				);
				MARKETING_VERSION = 1.0;
				PRODUCT_BUNDLE_IDENTIFIER = "nevinabraham-mitwpu.edu.in.ageCalculator";
				PRODUCT_NAME = "$(TARGET_NAME)";
				SWIFT_EMIT_LOC_STRINGS = YES;
				SWIFT_VERSION = 5.0;
				TARGETED_DEVICE_FAMILY = "1,2";
			};
			name = Debug;
		};
		19CCAECA2E37684E009AD429 /* Release */ = {
			isa = XCBuildConfiguration;
			buildSettings = {
				ASSETCATALOG_COMPILER_APPICON_NAME = AppIcon;
				ASSETCATALOG_COMPILER_GLOBAL_ACCENT_COLOR_NAME = AccentColor;
				CODE_SIGN_STYLE = Automatic;
				CURRENT_PROJECT_VERSION = 1;
				GENERATE_INFOPLIST_FILE = YES;
				INFOPLIST_FILE = ageCalculator/Info.plist;
				INFOPLIST_KEY_UIApplicationSupportsIndirectInputEvents = YES;
				INFOPLIST_KEY_UILaunchStoryboardName = LaunchScreen;
				INFOPLIST_KEY_UIMainStoryboardFile = Main;
				INFOPLIST_KEY_UISupportedInterfaceOrientations_iPad = "UIInterfaceOrientationPortrait UIInterfaceOrientationPortraitUpsideDown UIInterfaceOrientationLandscapeLeft UIInterfaceOrientationLandscapeRight";
				INFOPLIST_KEY_UISupportedInterfaceOrientations_iPhone = "UIInterfaceOrientationPortrait UIInterfaceOrientationLandscapeLeft UIInterfaceOrientationLandscapeRight";
				LD_RUNPATH_SEARCH_PATHS = (
					"$(inherited)",
					"@executable_path/Frameworks",
				);
				MARKETING_VERSION = 1.0;
				PRODUCT_BUNDLE_IDENTIFIER = "nevinabraham-mitwpu.edu.in.ageCalculator";
				PRODUCT_NAME = "$(TARGET_NAME)";
				SWIFT_EMIT_LOC_STRINGS = YES;
				SWIFT_VERSION = 5.0;
				TARGETED_DEVICE_FAMILY = "1,2";
			};
			name = Release;
		};
		19CCAECB2E37684E009AD429 /* Debug */ = {
			isa = XCBuildConfiguration;
			buildSettings = {
				ALWAYS_SEARCH_USER_PATHS = NO;
				ASSETCATALOG_COMPILER_GENERATE_SWIFT_ASSET_SYMBOL_EXTENSIONS = YES;
				CLANG_ANALYZER_NONNULL = YES;
				CLANG_ANALYZER_NUMBER_OBJECT_CONVERSION = YES_AGGRESSIVE;
				CLANG_CXX_LANGUAGE_STANDARD = "gnu++20";
				CLANG_ENABLE_MODULES = YES;
				CLANG_ENABLE_OBJC_ARC = YES;
				CLANG_ENABLE_OBJC_WEAK = YES;
				CLANG_WARN_BLOCK_CAPTURE_AUTORELEASING = YES;
				CLANG_WARN_BOOL_CONVERSION = YES;
				CLANG_WARN_COMMA = YES;
				CLANG_WARN_CONSTANT_CONVERSION = YES;
				CLANG_WARN_DEPRECATED_OBJC_IMPLEMENTATIONS = YES;
				CLANG_WARN_DIRECT_OBJC_ISA_USAGE = YES_ERROR;
				CLANG_WARN_DOCUMENTATION_COMMENTS = YES;
				CLANG_WARN_EMPTY_BODY = YES;
				CLANG_WARN_ENUM_CONVERSION = YES;
				CLANG_WARN_INFINITE_RECURSION = YES;
				CLANG_WARN_INT_CONVERSION = YES;
				CLANG_WARN_NON_LITERAL_NULL_CONVERSION = YES;
				CLANG_WARN_OBJC_IMPLICIT_RETAIN_SELF = YES;
				CLANG_WARN_OBJC_LITERAL_CONVERSION = YES;
				CLANG_WARN_OBJC_ROOT_CLASS = YES_ERROR;
				CLANG_WARN_QUOTED_INCLUDE_IN_FRAMEWORK_HEADER = YES;
				CLANG_WARN_RANGE_LOOP_ANALYSIS = YES;
				CLANG_WARN_STRICT_PROTOTYPES = YES;
				CLANG_WARN_SUSPICIOUS_MOVE = YES;
				CLANG_WARN_UNGUARDED_AVAILABILITY = YES_AGGRESSIVE;
				CLANG_WARN_UNREACHABLE_CODE = YES;
				CLANG_WARN__DUPLICATE_METHOD_MATCH = YES;
				COPY_PHASE_STRIP = NO;
				DEBUG_INFORMATION_FORMAT = dwarf;
				ENABLE_STRICT_OBJC_MSGSEND = YES;
				ENABLE_TESTABILITY = YES;
				ENABLE_USER_SCRIPT_SANDBOXING = YES;
				GCC_C_LANGUAGE_STANDARD = gnu17;
				GCC_DYNAMIC_NO_PIC = NO;
				GCC_NO_COMMON_BLOCKS = YES;
				GCC_OPTIMIZATION_LEVEL = 0;
				GCC_PREPROCESSOR_DEFINITIONS = (
					"DEBUG=1",
					"$(inherited)",
				);
				GCC_WARN_64_TO_32_BIT_CONVERSION = YES;
				GCC_WARN_ABOUT_RETURN_TYPE = YES_ERROR;
				GCC_WARN_UNDECLARED_SELECTOR = YES;
				GCC_WARN_UNINITIALIZED_AUTOS = YES_AGGRESSIVE;
				GCC_WARN_UNUSED_FUNCTION = YES;
				GCC_WARN_UNUSED_VARIABLE = YES;
				IPHONEOS_DEPLOYMENT_TARGET = 18.5;
				LOCALIZATION_PREFERS_STRING_CATALOGS = YES;
				MTL_ENABLE_DEBUG_INFO = INCLUDE_SOURCE;
				MTL_FAST_MATH = YES;
				ONLY_ACTIVE_ARCH = YES;
				SDKROOT = iphoneos;
				SWIFT_ACTIVE_COMPILATION_CONDITIONS = "DEBUG $(inherited)";
				SWIFT_OPTIMIZATION_LEVEL = "-Onone";
			};
			name = Debug;
		};
		19CCAECC2E37684E009AD429 /* Release */ = {
			isa = XCBuildConfiguration;
			buildSettings = {
				ALWAYS_SEARCH_USER_PATHS = NO;
				ASSETCATALOG_COMPILER_GENERATE_SWIFT_ASSET_SYMBOL_EXTENSIONS = YES;
				CLANG_ANALYZER_NONNULL = YES;
				CLANG_ANALYZER_NUMBER_OBJECT_CONVERSION = YES_AGGRESSIVE;
				CLANG_CXX_LANGUAGE_STANDARD = "gnu++20";
				CLANG_ENABLE_MODULES = YES;
				CLANG_ENABLE_OBJC_ARC = YES;
				CLANG_ENABLE_OBJC_WEAK = YES;
				CLANG_WARN_BLOCK_CAPTURE_AUTORELEASING = YES;
				CLANG_WARN_BOOL_CONVERSION = YES;
				CLANG_WARN_COMMA = YES;
				CLANG_WARN_CONSTANT_CONVERSION = YES;
				CLANG_WARN_DEPRECATED_OBJC_IMPLEMENTATIONS = YES;
				CLANG_WARN_DIRECT_OBJC_ISA_USAGE = YES_ERROR;
				CLANG_WARN_DOCUMENTATION_COMMENTS = YES;
				CLANG_WARN_EMPTY_BODY = YES;
				CLANG_WARN_ENUM_CONVERSION = YES;
				CLANG_WARN_INFINITE_RECURSION = YES;
				CLANG_WARN_INT_CONVERSION = YES;
				CLANG_WARN_NON_LITERAL_NULL_CONVERSION = YES;
				CLANG_WARN_OBJC_IMPLICIT_RETAIN_SELF = YES;
				CLANG_WARN_OBJC_LITERAL_CONVERSION = YES;
				CLANG_WARN_OBJC_ROOT_CLASS = YES_ERROR;
				CLANG_WARN_QUOTED_INCLUDE_IN_FRAMEWORK_HEADER = YES;
				CLANG_WARN_RANGE_LOOP_ANALYSIS = YES;
				CLANG_WARN_STRICT_PROTOTYPES = YES;
				CLANG_WARN_SUSPICIOUS_MOVE = YES;
				CLANG_WARN_UNGUARDED_AVAILABILITY = YES_AGGRESSIVE;
				CLANG_WARN_UNREACHABLE_CODE = YES;
				CLANG_WARN__DUPLICATE_METHOD_MATCH = YES;
				COPY_PHASE_STRIP = NO;
				DEBUG_INFORMATION_FORMAT = "dwarf-with-dsym";
				ENABLE_NS_ASSERTIONS = NO;
				ENABLE_STRICT_OBJC_MSGSEND = YES;
				ENABLE_USER_SCRIPT_SANDBOXING = YES;
				GCC_C_LANGUAGE_STANDARD = gnu17;
				GCC_NO_COMMON_BLOCKS = YES;
				GCC_WARN_64_TO_32_BIT_CONVERSION = YES;
				GCC_WARN_ABOUT_RETURN_TYPE = YES_ERROR;
				GCC_WARN_UNDECLARED_SELECTOR = YES;
				GCC_WARN_UNINITIALIZED_AUTOS = YES_AGGRESSIVE;
				GCC_WARN_UNUSED_FUNCTION = YES;
				GCC_WARN_UNUSED_VARIABLE = YES;
				IPHONEOS_DEPLOYMENT_TARGET = 18.5;
				LOCALIZATION_PREFERS_STRING_CATALOGS = YES;
				MTL_ENABLE_DEBUG_INFO = NO;
				MTL_FAST_MATH = YES;
				SDKROOT = iphoneos;
				SWIFT_COMPILATION_MODE = wholemodule;
				VALIDATE_PRODUCT = YES;
			};
			name = Release;
		};
		19CCAECE2E37684E009AD429 /* Debug */ = {
			isa = XCBuildConfiguration;
			buildSettings = {
				BUNDLE_LOADER = "$(TEST_HOST)";
				CODE_SIGN_STYLE = Automatic;
				CURRENT_PROJECT_VERSION = 1;
				GENERATE_INFOPLIST_FILE = YES;
				IPHONEOS_DEPLOYMENT_TARGET = 18.5;
				MARKETING_VERSION = 1.0;
				PRODUCT_BUNDLE_IDENTIFIER = "nevinabraham-mitwpu.edu.in.ageCalculatorTests";
				PRODUCT_NAME = "$(TARGET_NAME)";
				SWIFT_EMIT_LOC_STRINGS = NO;
				SWIFT_VERSION = 5.0;
				TARGETED_DEVICE_FAMILY = "1,2";
				TEST_HOST = "$(BUILT_PRODUCTS_DIR)/ageCalculator.app/$(BUNDLE_EXECUTABLE_FOLDER_PATH)/ageCalculator";
			};
			name = Debug;
		};
		19CCAECF2E37684E009AD429 /* Release */ = {
			isa = XCBuildConfiguration;
			buildSettings = {
				BUNDLE_LOADER = "$(TEST_HOST)";
				CODE_SIGN_STYLE = Automatic;
				CURRENT_PROJECT_VERSION = 1;
				GENERATE_INFOPLIST_FILE = YES;
				IPHONEOS_DEPLOYMENT_TARGET = 18.5;
				MARKETING_VERSION = 1.0;
				PRODUCT_BUNDLE_IDENTIFIER = "nevinabraham-mitwpu.edu.in.ageCalculatorTests";
				PRODUCT_NAME = "$(TARGET_NAME)";
				SWIFT_EMIT_LOC_STRINGS = NO;
				SWIFT_VERSION = 5.0;
				TARGETED_DEVICE_FAMILY = "1,2";
				TEST_HOST = "$(BUILT_PRODUCTS_DIR)/ageCalculator.app/$(BUNDLE_EXECUTABLE_FOLDER_PATH)/ageCalculator";
			};
			name = Release;
		};
		19CCAED12E37684E009AD429 /* Debug */ = {
			isa = XCBuildConfiguration;
			buildSettings = {
				CODE_SIGN_STYLE = Automatic;
				CURRENT_PROJECT_VERSION = 1;
				GENERATE_INFOPLIST_FILE = YES;
				MARKETING_VERSION = 1.0;
				PRODUCT_BUNDLE_IDENTIFIER = "nevinabraham-mitwpu.edu.in.ageCalculatorUITests";
				PRODUCT_NAME = "$(TARGET_NAME)";
				SWIFT_EMIT_LOC_STRINGS = NO;
				SWIFT_VERSION = 5.0;
				TARGETED_DEVICE_FAMILY = "1,2";
				TEST_TARGET_NAME = ageCalculator;
			};
			name = Debug;
		};
		19CCAED22E37684E009AD429 /* Release */ = {
			isa = XCBuildConfiguration;
			buildSettings = {
				CODE_SIGN_STYLE = Automatic;
				CURRENT_PROJECT_VERSION = 1;
				GENERATE_INFOPLIST_FILE = YES;
				MARKETING_VERSION = 1.0;
				PRODUCT_BUNDLE_IDENTIFIER = "nevinabraham-mitwpu.edu.in.ageCalculatorUITests";
				PRODUCT_NAME = "$(TARGET_NAME)";
				SWIFT_EMIT_LOC_STRINGS = NO;
				SWIFT_VERSION = 5.0;
				TARGETED_DEVICE_FAMILY = "1,2";
				TEST_TARGET_NAME = ageCalculator;
			};
			name = Release;
		};
/* End XCBuildConfiguration section */

/* Begin XCConfigurationList section */
		19CCAE9A2E37684E009AD429 /* Build configuration list for PBXProject "ageCalculator" */ = {
			isa = XCConfigurationList;
			buildConfigurations = (
				19CCAECB2E37684E009AD429 /* Debug */,
				19CCAECC2E37684E009AD429 /* Release */,
			);
			defaultConfigurationIsVisible = 0;
			defaultConfigurationName = Release;
		};
		19CCAEC82E37684E009AD429 /* Build configuration list for PBXNativeTarget "ageCalculator" */ = {
			isa = XCConfigurationList;
			buildConfigurations = (
				19CCAEC92E37684E009AD429 /* Debug */,
				19CCAECA2E37684E009AD429 /* Release */,
			);
			defaultConfigurationIsVisible = 0;
			defaultConfigurationName = Release;
		};
		19CCAECD2E37684E009AD429 /* Build configuration list for PBXNativeTarget "ageCalculatorTests" */ = {
			isa = XCConfigurationList;
			buildConfigurations = (
				19CCAECE2E37684E009AD429 /* Debug */,
				19CCAECF2E37684E009AD429 /* Release */,
			);
			defaultConfigurationIsVisible = 0;
			defaultConfigurationName = Release;
		};
		19CCAED02E37684E009AD429 /* Build configuration list for PBXNativeTarget "ageCalculatorUITests" */ = {
			isa = XCConfigurationList;
			buildConfigurations = (
				19CCAED12E37684E009AD429 /* Debug */,
				19CCAED22E37684E009AD429 /* Release */,
			);
			defaultConfigurationIsVisible = 0;
			defaultConfigurationName = Release;
		};
/* End XCConfigurationList section */
	};
	rootObject = 19CCAE972E37684E009AD429 /* Project object */;
}
